<?xml version="1.0" encoding="utf-8"?>
<Project ToolsVersion="4.0" xmlns="http://schemas.microsoft.com/developer/msbuild/2003">
  <ItemGroup>
    <Filter Include="99.Default">
      <UniqueIdentifier>{2e2272e7-60a5-4c36-adc2-8142c3f7423d}</UniqueIdentifier>
    </Filter>
    <Filter Include="00.MainApp">
      <UniqueIdentifier>{3e7dbc9b-69a3-4014-a846-dbbceb7d70df}</UniqueIdentifier>
    </Filter>
    <Filter Include="98.Include">
      <UniqueIdentifier>{f2001eae-e2d3-4e20-90c3-b74150ed8f0d}</UniqueIdentifier>
    </Filter>
    <Filter Include="01.Scene">
      <UniqueIdentifier>{fb3559bc-5e87-4c5b-b57e-9625bdbbf03c}</UniqueIdentifier>
    </Filter>
    <Filter Include="01.Scene\06.Dongil">
      <UniqueIdentifier>{9931492b-b9a1-46e1-9796-cc4f82fe4982}</UniqueIdentifier>
    </Filter>
    <Filter Include="01.Scene\00.Title">
      <UniqueIdentifier>{129ba52e-d62a-4eee-b7e1-0c7e4f2c94dd}</UniqueIdentifier>
    </Filter>
    <Filter Include="01.Scene\01.Lodding">
      <UniqueIdentifier>{020ae361-efbe-4023-bb42-00cad35e9cfd}</UniqueIdentifier>
    </Filter>
    <Filter Include="01.Scene\02.MainRoom">
      <UniqueIdentifier>{212ab50c-f826-4ed9-84a5-738c9432155e}</UniqueIdentifier>
    </Filter>
    <Filter Include="01.Scene\03.AgentSanwaMoneyRoom">
      <UniqueIdentifier>{d1a1d389-0d55-4416-9bd3-8f8b0b863a20}</UniqueIdentifier>
    </Filter>
    <Filter Include="01.Scene\04.CrystalSpiderRoom">
      <UniqueIdentifier>{68faa2e9-143d-4ef1-a2a7-6906462cf13d}</UniqueIdentifier>
    </Filter>
    <Filter Include="03.FSM">
      <UniqueIdentifier>{ac6f717e-0e7d-4d8d-a516-187494f7f7af}</UniqueIdentifier>
    </Filter>
    <Filter Include="02.Script">
      <UniqueIdentifier>{b14eed87-0db9-451d-a09b-da76ce5f363a}</UniqueIdentifier>
    </Filter>
    <Filter Include="02.Script\00.Player">
      <UniqueIdentifier>{256d244e-7dbf-4fbd-893e-ecb9d016e6dc}</UniqueIdentifier>
    </Filter>
    <Filter Include="02.Script\00.Player\00.PlayerFMS">
      <UniqueIdentifier>{c0784923-4d1f-4371-ad6c-c3760f480a3c}</UniqueIdentifier>
    </Filter>
    <Filter Include="02.Script\00.Player\00.PlayerFMS\00.Idle">
      <UniqueIdentifier>{aa8e242d-4c47-4a23-8ac3-b83562fe10f6}</UniqueIdentifier>
    </Filter>
    <Filter Include="02.Script\00.Player\00.PlayerFMS\01.Move">
      <UniqueIdentifier>{eea4bb26-66c7-4988-8e82-2b1a6669d23c}</UniqueIdentifier>
    </Filter>
    <Filter Include="02.Script\00.Player\00.PlayerFMS\02.Attack">
      <UniqueIdentifier>{6884381c-3949-41eb-932f-992a8b263f73}</UniqueIdentifier>
    </Filter>
    <Filter Include="02.Script\00.Player\00.PlayerFMS\03.Death">
      <UniqueIdentifier>{e2420da2-581f-48b0-bb3b-7c134f7cd1ca}</UniqueIdentifier>
    </Filter>
    <Filter Include="02.Script\00.Player\01.PlayerInfo">
      <UniqueIdentifier>{946d2dd0-cf96-44be-a247-bdb1725346fa}</UniqueIdentifier>
    </Filter>
    <Filter Include="02.Script\01.Monster">
      <UniqueIdentifier>{29ea7817-9ebc-447b-b5ee-8709e2bc3a79}</UniqueIdentifier>
    </Filter>
    <Filter Include="02.Script\01.Monster\00.MonsterFSM">
      <UniqueIdentifier>{10a12a7d-ae29-4c4c-80ad-144c572a5737}</UniqueIdentifier>
    </Filter>
    <Filter Include="02.Script\01.Monster\00.MonsterFSM\00.Scarecrow">
      <UniqueIdentifier>{bc2bd289-9f87-45c6-be8a-3cff45016db6}</UniqueIdentifier>
    </Filter>
    <Filter Include="02.Script\01.Monster\00.MonsterFSM\01.CrystalSpider">
      <UniqueIdentifier>{2d896bdd-ef61-4bdb-8eff-e37f5ea6e905}</UniqueIdentifier>
    </Filter>
    <Filter Include="02.Script\01.Monster\00.MonsterFSM\01.CrystalSpider\00.CrystalSpiderIdle">
      <UniqueIdentifier>{3bf62abf-2d17-43bf-902e-b57e592cd8c0}</UniqueIdentifier>
    </Filter>
    <Filter Include="02.Script\01.Monster\00.MonsterFSM\01.CrystalSpider\01.CrystalSpiderMove">
      <UniqueIdentifier>{ed7e64d2-98cd-404c-a7fe-7fccfef9dd31}</UniqueIdentifier>
    </Filter>
    <Filter Include="02.Script\01.Monster\00.MonsterFSM\01.CrystalSpider\02.CrystalSpiderDeath">
      <UniqueIdentifier>{251b21ee-1e25-4759-851c-91026b5349be}</UniqueIdentifier>
    </Filter>
    <Filter Include="02.Script\01.Monster\01.MonsterInfo">
      <UniqueIdentifier>{cdd20393-6733-40ad-b956-29889f2a0884}</UniqueIdentifier>
    </Filter>
    <Filter Include="02.Script\00.Player\02.PlayerWapon">
      <UniqueIdentifier>{ddd9f313-09aa-4dee-879e-99e0d5aba116}</UniqueIdentifier>
    </Filter>
    <Filter Include="02.Script\00.Player\00.PlayerFMS\05.Hit">
      <UniqueIdentifier>{0465eaf7-ef5f-471f-b841-0c516801980e}</UniqueIdentifier>
    </Filter>
    <Filter Include="02.Script\01.Monster\02.MonsterWapon">
      <UniqueIdentifier>{2bfe5a04-680f-48f6-b075-70997d9fa3cf}</UniqueIdentifier>
    </Filter>
    <Filter Include="02.Script\00.Player\03.PlayerHP">
      <UniqueIdentifier>{b415e6bd-cc72-46a9-a128-c3b000fa610b}</UniqueIdentifier>
    </Filter>
    <Filter Include="02.Script\02.Camera">
      <UniqueIdentifier>{ccb2df84-ed09-44ae-9efe-644ca9822fc4}</UniqueIdentifier>
    </Filter>
    <Filter Include="03.FSM\00.PlayerFSM">
      <UniqueIdentifier>{dfed9694-bdfa-4871-a0fa-da6614583dcf}</UniqueIdentifier>
    </Filter>
    <Filter Include="03.FSM\01.MonsterFSM">
      <UniqueIdentifier>{198b4eae-59f8-4d5f-9268-22342f835d0a}</UniqueIdentifier>
    </Filter>
    <Filter Include="02.Script\02.Camera\00.CameraMove">
      <UniqueIdentifier>{cd173667-ee41-440b-a436-a4a7e12cbf1f}</UniqueIdentifier>
    </Filter>
    <Filter Include="02.Script\01.Monster\03.MonsterUI">
      <UniqueIdentifier>{fbdace7f-de48-4bc7-b4d0-c7f41e13ff56}</UniqueIdentifier>
    </Filter>
    <Filter Include="02.Script\00.Player\00.PlayerFMS\06.Debug">
      <UniqueIdentifier>{653c09d0-f6f4-499b-a896-d775070b166c}</UniqueIdentifier>
    </Filter>
    <Filter Include="02.Script\00.Player\00.PlayerFMS\04.Uppercut">
      <UniqueIdentifier>{07beca14-ac12-4cff-b64e-9c9b5577add6}</UniqueIdentifier>
    </Filter>
    <Filter Include="02.Script\00.Player\00.PlayerFMS\07.Roll">
      <UniqueIdentifier>{6621febb-0a49-41a8-a61d-b2d19d719d84}</UniqueIdentifier>
    </Filter>
    <Filter Include="02.Script\00.Player\00.PlayerFMS\08.MiniPickaxe">
      <UniqueIdentifier>{6dd3b416-0d4d-4b68-a47f-61e0c8e8fef1}</UniqueIdentifier>
    </Filter>
    <Filter Include="02.Script\00.Player\02.PlayerWapon\00.NormalWapon">
      <UniqueIdentifier>{e55e5b4e-9d42-46bf-babd-5bc1e0ab1b76}</UniqueIdentifier>
    </Filter>
    <Filter Include="02.Script\00.Player\02.PlayerWapon\01.MiniGock">
      <UniqueIdentifier>{c185fc08-bd99-4ca3-9abb-dd18c924a6fe}</UniqueIdentifier>
    </Filter>
    <Filter Include="02.Script\00.Player\00.PlayerFMS\09.Rush">
      <UniqueIdentifier>{22986184-9889-41b9-a2d0-c19f441754b3}</UniqueIdentifier>
    </Filter>
    <Filter Include="02.Script\01.Monster\00.MonsterFSM\02.SanwaMoney">
      <UniqueIdentifier>{3763d271-5600-4dc7-9076-ba8cbd341894}</UniqueIdentifier>
    </Filter>
    <Filter Include="02.Script\01.Monster\00.MonsterFSM\02.SanwaMoney\00.SanwaMoneyMaintenance">
      <UniqueIdentifier>{ba4da3ca-6928-4a17-bc04-f449907a1ddf}</UniqueIdentifier>
    </Filter>
    <Filter Include="02.Script\01.Monster\00.MonsterFSM\02.SanwaMoney\01.SanwaMoneyIdle">
      <UniqueIdentifier>{dd0a74ec-ef2e-4a86-9988-2467a0513cef}</UniqueIdentifier>
    </Filter>
    <Filter Include="02.Script\01.Monster\00.MonsterFSM\02.SanwaMoney\02SanwaMoneyMove">
      <UniqueIdentifier>{3d9c2677-d20b-46ba-bfca-7a9ddf33541f}</UniqueIdentifier>
    </Filter>
    <Filter Include="02.Script\01.Monster\00.MonsterFSM\02.SanwaMoney\03.SanwaMoneyAttack1">
      <UniqueIdentifier>{77e138bf-24a2-4862-9450-6b9a722b9129}</UniqueIdentifier>
    </Filter>
    <Filter Include="02.Script\01.Monster\00.MonsterFSM\02.SanwaMoney\04.SanwaMoneyAttack2">
      <UniqueIdentifier>{9eace0a8-722d-4172-9958-a6b20462553a}</UniqueIdentifier>
    </Filter>
    <Filter Include="02.Script\01.Monster\00.MonsterFSM\02.SanwaMoney\05.SanwaMoneyAttack3">
      <UniqueIdentifier>{be0c4dc0-11ae-43be-84c8-cc93ec6dc69c}</UniqueIdentifier>
    </Filter>
    <Filter Include="02.Script\01.Monster\00.MonsterFSM\02.SanwaMoney\06.SanwaMoneyAttack4">
      <UniqueIdentifier>{a1ef4758-6ebe-4ef8-b955-3ed4a649ad5b}</UniqueIdentifier>
    </Filter>
    <Filter Include="02.Script\01.Monster\00.MonsterFSM\02.SanwaMoney\07.SanwaMoneyDeath">
      <UniqueIdentifier>{ab17fc32-b6b8-477c-9a0c-c31516f21113}</UniqueIdentifier>
    </Filter>
    <Filter Include="02.Script\01.Monster\03.MonsterUI\03.SanwaMoneyUI">
      <UniqueIdentifier>{aadd886b-c18b-4462-91b3-56efc84f934b}</UniqueIdentifier>
    </Filter>
    <Filter Include="02.Script\01.Monster\00.MonsterFSM\02.SanwaMoney\08.SanwaMoneyHalfHealth">
      <UniqueIdentifier>{429dbde4-825e-4e02-ab7d-2c780812848d}</UniqueIdentifier>
    </Filter>
    <Filter Include="02.Script\00.Player\00.PlayerFMS\10.Interaction">
      <UniqueIdentifier>{5a6052a5-3d03-4c39-9d3d-ea84e8924745}</UniqueIdentifier>
    </Filter>
    <Filter Include="02.Script\00.Player\04.PlayerUI">
      <UniqueIdentifier>{00a468b3-f511-49cd-b920-95ee1905a0f0}</UniqueIdentifier>
    </Filter>
    <Filter Include="02.Script\00.Player\05.PlayerDush">
      <UniqueIdentifier>{f9062f5b-b8c5-4798-9632-422877247e92}</UniqueIdentifier>
    </Filter>
    <Filter Include="02.Script\01.Monster\00.MonsterFSM\00.Scarecrow\01.ScarecrowIdle">
      <UniqueIdentifier>{8eba8643-6f77-483a-be22-e809cc6f67ff}</UniqueIdentifier>
    </Filter>
    <Filter Include="02.Script\01.Monster\00.MonsterFSM\00.Scarecrow\00.ScarecrowMaintenance">
      <UniqueIdentifier>{2f0641c8-76b5-40f3-a961-987476347afc}</UniqueIdentifier>
    </Filter>
    <Filter Include="02.Script\00.Player\00.PlayerFMS\11.StatReinforceShop">
      <UniqueIdentifier>{e980b069-5747-4f07-8b77-274c598decfb}</UniqueIdentifier>
    </Filter>
    <Filter Include="04.Shader">
      <UniqueIdentifier>{424b1373-6aa9-486b-985a-166f84a3e7cf}</UniqueIdentifier>
    </Filter>
    <Filter Include="05.ShaderHPP">
      <UniqueIdentifier>{d7be5ede-5c95-408d-b33b-5d75a6527700}</UniqueIdentifier>
    </Filter>
    <Filter Include="04.Shader\00.Mesh">
      <UniqueIdentifier>{4ebc097e-b8e4-4635-979c-d883d8974a23}</UniqueIdentifier>
    </Filter>
    <Filter Include="04.Shader\01.SkyBox">
      <UniqueIdentifier>{bb80e114-500d-48c7-aa51-907d71f8f972}</UniqueIdentifier>
    </Filter>
    <Filter Include="02.Script\02.Camera\01.CameraShake">
      <UniqueIdentifier>{ef4e0617-ebd8-4748-9c1a-0151d4e82ab2}</UniqueIdentifier>
    </Filter>
    <Filter Include="02.Script\03.Particle">
      <UniqueIdentifier>{af93e950-8fab-4ed7-afb0-7c10e55a6dc1}</UniqueIdentifier>
    </Filter>
    <Filter Include="02.Script\03.Particle\00.Blood">
      <UniqueIdentifier>{016bc353-6a19-40f9-aecf-5183d0ef3ceb}</UniqueIdentifier>
    </Filter>
  </ItemGroup>
  <ItemGroup>
    <ClInclude Include="Resource.h">
      <Filter>99.Default</Filter>
    </ClInclude>
    <ClInclude Include="stdafx.h">
      <Filter>99.Default</Filter>
    </ClInclude>
    <ClInclude Include="targetver.h">
      <Filter>99.Default</Filter>
    </ClInclude>
    <ClInclude Include="Client.h">
      <Filter>99.Default</Filter>
    </ClInclude>
    <ClInclude Include="..\Header\MainApp.h">
      <Filter>00.MainApp</Filter>
    </ClInclude>
    <ClInclude Include="..\Header\ClientEnum.h">
      <Filter>98.Include</Filter>
    </ClInclude>
    <ClInclude Include="..\Header\ClientMacro.h">
      <Filter>98.Include</Filter>
    </ClInclude>
    <ClInclude Include="..\Header\ClientStructure.h">
      <Filter>98.Include</Filter>
    </ClInclude>
    <ClInclude Include="..\Header\ClientDefine.h">
      <Filter>98.Include</Filter>
    </ClInclude>
    <ClInclude Include="..\Header\ClientTypedef.h">
      <Filter>98.Include</Filter>
    </ClInclude>
    <ClInclude Include="..\Header\ClientComponent.h">
      <Filter>98.Include</Filter>
    </ClInclude>
    <ClInclude Include="..\Header\DongilScene.h">
      <Filter>01.Scene\06.Dongil</Filter>
    </ClInclude>
    <ClInclude Include="..\Header\ClientManager.h">
      <Filter>98.Include</Filter>
    </ClInclude>
    <ClInclude Include="..\Header\Player.h">
      <Filter>02.Script\00.Player</Filter>
    </ClInclude>
    <ClInclude Include="..\Header\Monster.h">
      <Filter>02.Script\01.Monster</Filter>
    </ClInclude>
    <ClInclude Include="..\Header\TitleScene.h">
      <Filter>01.Scene\00.Title</Filter>
    </ClInclude>
    <ClInclude Include="..\Header\LoddingScene.h">
      <Filter>01.Scene\01.Lodding</Filter>
    </ClInclude>
    <ClInclude Include="..\Header\MainRoomScene.h">
      <Filter>01.Scene\02.MainRoom</Filter>
    </ClInclude>
    <ClInclude Include="..\Header\AgentSanwaMoneyRoomScene.h">
      <Filter>01.Scene\03.AgentSanwaMoneyRoom</Filter>
    </ClInclude>
    <ClInclude Include="..\Header\CrystalSpiderRoomScene.h">
      <Filter>01.Scene\04.CrystalSpiderRoom</Filter>
    </ClInclude>
    <ClInclude Include="..\Header\PlayerMove.h">
      <Filter>02.Script\00.Player\00.PlayerFMS\01.Move</Filter>
    </ClInclude>
    <ClInclude Include="..\Header\PlayerAttack.h">
      <Filter>02.Script\00.Player\00.PlayerFMS\02.Attack</Filter>
    </ClInclude>
    <ClInclude Include="..\Header\PlayerDeath.h">
      <Filter>02.Script\00.Player\00.PlayerFMS\03.Death</Filter>
    </ClInclude>
    <ClInclude Include="..\Header\PlayerIdle.h">
      <Filter>02.Script\00.Player\00.PlayerFMS\00.Idle</Filter>
    </ClInclude>
    <ClInclude Include="..\Header\PlayerInfo.h">
      <Filter>02.Script\00.Player\01.PlayerInfo</Filter>
    </ClInclude>
    <ClInclude Include="..\Header\MonsterInfo.h">
      <Filter>02.Script\01.Monster\01.MonsterInfo</Filter>
    </ClInclude>
    <ClInclude Include="..\Header\ScarecrowIdle.h">
      <Filter>02.Script\01.Monster\00.MonsterFSM\00.Scarecrow\01.ScarecrowIdle</Filter>
    </ClInclude>
    <ClInclude Include="..\Header\PlayerHit.h">
      <Filter>02.Script\00.Player\00.PlayerFMS\05.Hit</Filter>
    </ClInclude>
    <ClInclude Include="..\Header\PlayerHP.h">
      <Filter>02.Script\00.Player\03.PlayerHP</Filter>
    </ClInclude>
    <ClInclude Include="..\Header\CameraMove.h">
      <Filter>02.Script\02.Camera\00.CameraMove</Filter>
    </ClInclude>
    <ClInclude Include="..\Header\MonsterFSM.h">
      <Filter>03.FSM\01.MonsterFSM</Filter>
    </ClInclude>
    <ClInclude Include="..\Header\FSM.h">
      <Filter>03.FSM\00.PlayerFSM</Filter>
    </ClInclude>
    <ClInclude Include="..\Header\PlayerDebug.h">
      <Filter>02.Script\00.Player\00.PlayerFMS\06.Debug</Filter>
    </ClInclude>
    <ClInclude Include="..\Header\PlayerUppercut.h">
      <Filter>02.Script\00.Player\00.PlayerFMS\04.Uppercut</Filter>
    </ClInclude>
    <ClInclude Include="..\Header\PlayerRoll.h">
      <Filter>02.Script\00.Player\00.PlayerFMS\07.Roll</Filter>
    </ClInclude>
    <ClInclude Include="..\Header\PlayerMiniPickaxe.h">
      <Filter>02.Script\00.Player\00.PlayerFMS\08.MiniPickaxe</Filter>
    </ClInclude>
    <ClInclude Include="..\Header\PlayerWapon.h">
      <Filter>02.Script\00.Player\02.PlayerWapon\00.NormalWapon</Filter>
    </ClInclude>
    <ClInclude Include="..\Header\PlayerMiniGock.h">
      <Filter>02.Script\00.Player\02.PlayerWapon\01.MiniGock</Filter>
    </ClInclude>
    <ClInclude Include="..\Header\PlayerRush.h">
      <Filter>02.Script\00.Player\00.PlayerFMS\09.Rush</Filter>
    </ClInclude>
    <ClInclude Include="..\Header\SanwaMoneyAttack1.h">
      <Filter>02.Script\01.Monster\00.MonsterFSM\02.SanwaMoney\03.SanwaMoneyAttack1</Filter>
    </ClInclude>
    <ClInclude Include="..\Header\SanwaMoneyAttack2.h">
      <Filter>02.Script\01.Monster\00.MonsterFSM\02.SanwaMoney\04.SanwaMoneyAttack2</Filter>
    </ClInclude>
    <ClInclude Include="..\Header\SanwaMoneyDeath.h">
      <Filter>02.Script\01.Monster\00.MonsterFSM\02.SanwaMoney\07.SanwaMoneyDeath</Filter>
    </ClInclude>
    <ClInclude Include="..\Header\SanwaMoneyIdle.h">
      <Filter>02.Script\01.Monster\00.MonsterFSM\02.SanwaMoney\01.SanwaMoneyIdle</Filter>
    </ClInclude>
    <ClInclude Include="..\Header\SanwaMoneyMaintenance.h">
      <Filter>02.Script\01.Monster\00.MonsterFSM\02.SanwaMoney\00.SanwaMoneyMaintenance</Filter>
    </ClInclude>
    <ClInclude Include="..\Header\SanwaMoneyMove.h">
      <Filter>02.Script\01.Monster\00.MonsterFSM\02.SanwaMoney\02SanwaMoneyMove</Filter>
    </ClInclude>
    <ClInclude Include="..\Header\SanwaMoneyUI.h">
      <Filter>02.Script\01.Monster\03.MonsterUI\03.SanwaMoneyUI</Filter>
    </ClInclude>
    <ClInclude Include="..\Header\SanwaMoneyAttack3.h">
      <Filter>02.Script\01.Monster\00.MonsterFSM\02.SanwaMoney\05.SanwaMoneyAttack3</Filter>
    </ClInclude>
    <ClInclude Include="..\Header\SanwaMoneyAttack4.h">
      <Filter>02.Script\01.Monster\00.MonsterFSM\02.SanwaMoney\06.SanwaMoneyAttack4</Filter>
    </ClInclude>
    <ClInclude Include="..\Header\SanwaMoneyHalfHealth.h">
      <Filter>02.Script\01.Monster\00.MonsterFSM\02.SanwaMoney\08.SanwaMoneyHalfHealth</Filter>
    </ClInclude>
    <ClInclude Include="..\Header\PlayerInteraction.h">
      <Filter>02.Script\00.Player\00.PlayerFMS\10.Interaction</Filter>
    </ClInclude>
    <ClInclude Include="..\Header\PlayerUI.h">
      <Filter>02.Script\00.Player\04.PlayerUI</Filter>
    </ClInclude>
    <ClInclude Include="..\Header\PlayerDushUI.h">
      <Filter>02.Script\00.Player\05.PlayerDush</Filter>
    </ClInclude>
    <ClInclude Include="..\Header\ScarecrowMaintenance.h">
      <Filter>02.Script\01.Monster\00.MonsterFSM\00.Scarecrow\00.ScarecrowMaintenance</Filter>
    </ClInclude>
    <ClInclude Include="..\Header\PlayerStatReinforceShop.h">
      <Filter>02.Script\00.Player\00.PlayerFMS\11.StatReinforceShop</Filter>
    </ClInclude>
    <ClInclude Include="..\..\Resource\Shader\Static\Shader_Mesh.hpp">
      <Filter>05.ShaderHPP</Filter>
    </ClInclude>
    <ClInclude Include="..\Header\ShaderMesh.h">
      <Filter>04.Shader\00.Mesh</Filter>
    </ClInclude>
    <ClInclude Include="..\..\Resource\Shader\Static\Shader_Blend.hpp">
      <Filter>05.ShaderHPP</Filter>
    </ClInclude>
    <ClInclude Include="..\..\Resource\Shader\Static\Shader_Sample.hpp">
      <Filter>05.ShaderHPP</Filter>
    </ClInclude>
    <ClInclude Include="..\..\Resource\Shader\Static\Shader_Shade.hpp">
      <Filter>05.ShaderHPP</Filter>
    </ClInclude>
    <ClInclude Include="..\..\Resource\Shader\Static\Shader_SkyBox.hpp">
      <Filter>05.ShaderHPP</Filter>
    </ClInclude>
    <ClInclude Include="..\..\Resource\Shader\Static\Shader_Terrain.hpp">
      <Filter>05.ShaderHPP</Filter>
    </ClInclude>
    <ClInclude Include="..\Header\ShaderSkyBox.h">
      <Filter>04.Shader\01.SkyBox</Filter>
    </ClInclude>
    <ClInclude Include="..\Header\CameraShake.h">
      <Filter>02.Script\02.Camera\01.CameraShake</Filter>
    </ClInclude>
  </ItemGroup>
  <ItemGroup>
    <ClCompile Include="stdafx.cpp">
      <Filter>99.Default</Filter>
    </ClCompile>
    <ClCompile Include="Client.cpp">
      <Filter>99.Default</Filter>
    </ClCompile>
    <ClCompile Include="..\Code\MainApp.cpp">
      <Filter>00.MainApp</Filter>
    </ClCompile>
    <ClCompile Include="..\Code\DongilScene.cpp">
      <Filter>01.Scene\06.Dongil</Filter>
    </ClCompile>
    <ClCompile Include="..\Code\Player.cpp">
      <Filter>02.Script\00.Player</Filter>
    </ClCompile>
    <ClCompile Include="..\Code\Monster.cpp">
      <Filter>02.Script\01.Monster</Filter>
    </ClCompile>
    <ClCompile Include="..\Code\TitleScene.cpp">
      <Filter>01.Scene\00.Title</Filter>
    </ClCompile>
    <ClCompile Include="..\Code\LoddingScene.cpp">
      <Filter>01.Scene\01.Lodding</Filter>
    </ClCompile>
    <ClCompile Include="..\Code\MainRoomScene.cpp">
      <Filter>01.Scene\02.MainRoom</Filter>
    </ClCompile>
    <ClCompile Include="..\Code\CrystalSpiderRoomScene.cpp">
      <Filter>01.Scene\04.CrystalSpiderRoom</Filter>
    </ClCompile>
    <ClCompile Include="..\Code\AgentSanwaMoneyRoomScene.cpp">
      <Filter>01.Scene\03.AgentSanwaMoneyRoom</Filter>
    </ClCompile>
    <ClCompile Include="..\Code\PlayerMove.cpp">
      <Filter>02.Script\00.Player\00.PlayerFMS\01.Move</Filter>
    </ClCompile>
    <ClCompile Include="..\Code\PlayerAttack.cpp">
      <Filter>02.Script\00.Player\00.PlayerFMS\02.Attack</Filter>
    </ClCompile>
    <ClCompile Include="..\Code\PlayerDeath.cpp">
      <Filter>02.Script\00.Player\00.PlayerFMS\03.Death</Filter>
    </ClCompile>
    <ClCompile Include="..\Code\PlayerIdle.cpp">
      <Filter>02.Script\00.Player\00.PlayerFMS\00.Idle</Filter>
    </ClCompile>
    <ClCompile Include="..\Code\ScarecrowIdle.cpp">
      <Filter>02.Script\01.Monster\00.MonsterFSM\00.Scarecrow\01.ScarecrowIdle</Filter>
    </ClCompile>
    <ClCompile Include="..\Code\PlayerHit.cpp">
      <Filter>02.Script\00.Player\00.PlayerFMS\05.Hit</Filter>
    </ClCompile>
    <ClCompile Include="..\Code\PlayerHP.cpp">
      <Filter>02.Script\00.Player\03.PlayerHP</Filter>
    </ClCompile>
    <ClCompile Include="..\Code\CameraMove.cpp">
      <Filter>02.Script\02.Camera\00.CameraMove</Filter>
    </ClCompile>
    <ClCompile Include="..\Code\MonsterFSM.cpp">
      <Filter>03.FSM\01.MonsterFSM</Filter>
    </ClCompile>
    <ClCompile Include="..\Code\FSM.cpp">
      <Filter>03.FSM\00.PlayerFSM</Filter>
    </ClCompile>
    <ClCompile Include="..\Code\PlayerDebug.cpp">
      <Filter>02.Script\00.Player\00.PlayerFMS\06.Debug</Filter>
    </ClCompile>
    <ClCompile Include="..\Code\PlayerUppercut.cpp">
      <Filter>02.Script\00.Player\00.PlayerFMS\04.Uppercut</Filter>
    </ClCompile>
    <ClCompile Include="..\Code\PlayerRoll.cpp">
      <Filter>02.Script\00.Player\00.PlayerFMS\07.Roll</Filter>
    </ClCompile>
    <ClCompile Include="..\Code\PlayerMiniPickaxe.cpp">
      <Filter>02.Script\00.Player\00.PlayerFMS\08.MiniPickaxe</Filter>
    </ClCompile>
    <ClCompile Include="..\Code\PlayerWapon.cpp">
      <Filter>02.Script\00.Player\02.PlayerWapon\00.NormalWapon</Filter>
    </ClCompile>
    <ClCompile Include="..\Code\PlayerMiniGock.cpp">
      <Filter>02.Script\00.Player\02.PlayerWapon\01.MiniGock</Filter>
    </ClCompile>
    <ClCompile Include="..\Code\PlayerHRush.cpp">
      <Filter>02.Script\00.Player\00.PlayerFMS\09.Rush</Filter>
    </ClCompile>
    <ClCompile Include="..\Code\SanwaMoneyMaintenance.cpp">
      <Filter>02.Script\01.Monster\00.MonsterFSM\02.SanwaMoney\00.SanwaMoneyMaintenance</Filter>
    </ClCompile>
    <ClCompile Include="..\Code\SanwaMoneyUI.cpp">
      <Filter>02.Script\01.Monster\03.MonsterUI\03.SanwaMoneyUI</Filter>
    </ClCompile>
    <ClCompile Include="..\Code\SanwaMoneyAttack1.cpp">
      <Filter>02.Script\01.Monster\00.MonsterFSM\02.SanwaMoney\03.SanwaMoneyAttack1</Filter>
    </ClCompile>
    <ClCompile Include="..\Code\SanwaMoneyAttack2.cpp">
      <Filter>02.Script\01.Monster\00.MonsterFSM\02.SanwaMoney\04.SanwaMoneyAttack2</Filter>
    </ClCompile>
    <ClCompile Include="..\Code\SanwaMoneyDeath.cpp">
      <Filter>02.Script\01.Monster\00.MonsterFSM\02.SanwaMoney\07.SanwaMoneyDeath</Filter>
    </ClCompile>
    <ClCompile Include="..\Code\SanwaMoneyIdle.cpp">
      <Filter>02.Script\01.Monster\00.MonsterFSM\02.SanwaMoney\01.SanwaMoneyIdle</Filter>
    </ClCompile>
    <ClCompile Include="..\Code\SanwaMoneyMove.cpp">
      <Filter>02.Script\01.Monster\00.MonsterFSM\02.SanwaMoney\02SanwaMoneyMove</Filter>
    </ClCompile>
    <ClCompile Include="..\Code\SanwaMoneyAttack4.cpp">
      <Filter>02.Script\01.Monster\00.MonsterFSM\02.SanwaMoney\06.SanwaMoneyAttack4</Filter>
    </ClCompile>
    <ClCompile Include="..\Code\SanwaMoneyAttack3.cpp">
      <Filter>02.Script\01.Monster\00.MonsterFSM\02.SanwaMoney\05.SanwaMoneyAttack3</Filter>
    </ClCompile>
    <ClCompile Include="..\Code\SanwaMoneyHalfHealth.cpp">
      <Filter>02.Script\01.Monster\00.MonsterFSM\02.SanwaMoney\08.SanwaMoneyHalfHealth</Filter>
    </ClCompile>
    <ClCompile Include="..\Code\PlayerInteraction.cpp">
      <Filter>02.Script\00.Player\00.PlayerFMS\10.Interaction</Filter>
    </ClCompile>
    <ClCompile Include="..\Code\PlayerUI.cpp">
      <Filter>02.Script\00.Player\04.PlayerUI</Filter>
    </ClCompile>
    <ClCompile Include="..\Code\PlayerDushUI.cpp">
      <Filter>02.Script\00.Player\05.PlayerDush</Filter>
    </ClCompile>
    <ClCompile Include="..\Code\ScarecrowMaintenance.cpp">
      <Filter>02.Script\01.Monster\00.MonsterFSM\00.Scarecrow\00.ScarecrowMaintenance</Filter>
    </ClCompile>
    <ClCompile Include="..\Code\PlayerStatReinforceShop.cpp">
      <Filter>02.Script\00.Player\00.PlayerFMS\11.StatReinforceShop</Filter>
    </ClCompile>
    <ClCompile Include="..\Header\PlayerInfo.cpp">
      <Filter>02.Script\00.Player\01.PlayerInfo</Filter>
    </ClCompile>
    <ClCompile Include="..\Code\ShaderMesh.cpp">
      <Filter>04.Shader\00.Mesh</Filter>
    </ClCompile>
    <ClCompile Include="..\Code\ShaderSkyBox.cpp">
      <Filter>04.Shader\01.SkyBox</Filter>
    </ClCompile>
    <ClCompile Include="..\Code\CameraShake.cpp">
      <Filter>02.Script\02.Camera\01.CameraShake</Filter>
    </ClCompile>
  </ItemGroup>
  <ItemGroup>
    <Image Include="small.ico">
      <Filter>99.Default</Filter>
    </Image>
    <Image Include="SR_BaseEngine.ico">
      <Filter>99.Default</Filter>
    </Image>
  </ItemGroup>
  <ItemGroup>
    <ResourceCompile Include="SR_BaseEngine.rc">
      <Filter>99.Default</Filter>
    </ResourceCompile>
  </ItemGroup>
</Project>