<?xml version="1.0" encoding="utf-8"?>
<Project ToolsVersion="4.0" xmlns="http://schemas.microsoft.com/developer/msbuild/2003">
  <ItemGroup>
    <Filter Include="99.Default">
      <UniqueIdentifier>{2e2272e7-60a5-4c36-adc2-8142c3f7423d}</UniqueIdentifier>
    </Filter>
    <Filter Include="00.MainApp">
      <UniqueIdentifier>{3e7dbc9b-69a3-4014-a846-dbbceb7d70df}</UniqueIdentifier>
    </Filter>
    <Filter Include="98.Include">
      <UniqueIdentifier>{f2001eae-e2d3-4e20-90c3-b74150ed8f0d}</UniqueIdentifier>
    </Filter>
    <Filter Include="01.Scene">
      <UniqueIdentifier>{fb3559bc-5e87-4c5b-b57e-9625bdbbf03c}</UniqueIdentifier>
    </Filter>
    <Filter Include="01.Scene\06.Dongil">
      <UniqueIdentifier>{9931492b-b9a1-46e1-9796-cc4f82fe4982}</UniqueIdentifier>
    </Filter>
    <Filter Include="01.Scene\00.Title">
      <UniqueIdentifier>{129ba52e-d62a-4eee-b7e1-0c7e4f2c94dd}</UniqueIdentifier>
    </Filter>
    <Filter Include="01.Scene\01.Lodding">
      <UniqueIdentifier>{020ae361-efbe-4023-bb42-00cad35e9cfd}</UniqueIdentifier>
    </Filter>
    <Filter Include="01.Scene\02.MainRoom">
      <UniqueIdentifier>{212ab50c-f826-4ed9-84a5-738c9432155e}</UniqueIdentifier>
    </Filter>
    <Filter Include="01.Scene\03.AgentSanwaMoneyRoom">
      <UniqueIdentifier>{d1a1d389-0d55-4416-9bd3-8f8b0b863a20}</UniqueIdentifier>
    </Filter>
    <Filter Include="01.Scene\04.CrystalSpiderRoom">
      <UniqueIdentifier>{68faa2e9-143d-4ef1-a2a7-6906462cf13d}</UniqueIdentifier>
    </Filter>
    <Filter Include="03.FSM">
      <UniqueIdentifier>{ac6f717e-0e7d-4d8d-a516-187494f7f7af}</UniqueIdentifier>
    </Filter>
    <Filter Include="02.Script">
      <UniqueIdentifier>{b14eed87-0db9-451d-a09b-da76ce5f363a}</UniqueIdentifier>
    </Filter>
    <Filter Include="02.Script\00.Player">
      <UniqueIdentifier>{256d244e-7dbf-4fbd-893e-ecb9d016e6dc}</UniqueIdentifier>
    </Filter>
    <Filter Include="02.Script\00.Player\00.PlayerFMS">
      <UniqueIdentifier>{c0784923-4d1f-4371-ad6c-c3760f480a3c}</UniqueIdentifier>
    </Filter>
    <Filter Include="02.Script\00.Player\00.PlayerFMS\00.Idle">
      <UniqueIdentifier>{aa8e242d-4c47-4a23-8ac3-b83562fe10f6}</UniqueIdentifier>
    </Filter>
    <Filter Include="02.Script\00.Player\00.PlayerFMS\01.Move">
      <UniqueIdentifier>{eea4bb26-66c7-4988-8e82-2b1a6669d23c}</UniqueIdentifier>
    </Filter>
    <Filter Include="02.Script\00.Player\00.PlayerFMS\02.Attack">
      <UniqueIdentifier>{6884381c-3949-41eb-932f-992a8b263f73}</UniqueIdentifier>
    </Filter>
    <Filter Include="02.Script\00.Player\00.PlayerFMS\03.Death">
      <UniqueIdentifier>{e2420da2-581f-48b0-bb3b-7c134f7cd1ca}</UniqueIdentifier>
    </Filter>
    <Filter Include="02.Script\00.Player\01.PlayerInfo">
      <UniqueIdentifier>{946d2dd0-cf96-44be-a247-bdb1725346fa}</UniqueIdentifier>
    </Filter>
    <Filter Include="02.Script\01.Monster">
      <UniqueIdentifier>{29ea7817-9ebc-447b-b5ee-8709e2bc3a79}</UniqueIdentifier>
    </Filter>
    <Filter Include="02.Script\01.Monster\00.MonsterFSM">
      <UniqueIdentifier>{10a12a7d-ae29-4c4c-80ad-144c572a5737}</UniqueIdentifier>
    </Filter>
    <Filter Include="02.Script\01.Monster\00.MonsterFSM\00.Scarecrow">
      <UniqueIdentifier>{bc2bd289-9f87-45c6-be8a-3cff45016db6}</UniqueIdentifier>
    </Filter>
    <Filter Include="02.Script\01.Monster\00.MonsterFSM\00.Scarecrow\00.ScarecrowIdle">
      <UniqueIdentifier>{8eba8643-6f77-483a-be22-e809cc6f67ff}</UniqueIdentifier>
    </Filter>
    <Filter Include="02.Script\01.Monster\00.MonsterFSM\01.CrystalSpider">
      <UniqueIdentifier>{2d896bdd-ef61-4bdb-8eff-e37f5ea6e905}</UniqueIdentifier>
    </Filter>
    <Filter Include="02.Script\01.Monster\00.MonsterFSM\01.CrystalSpider\00.CrystalSpiderIdle">
      <UniqueIdentifier>{3bf62abf-2d17-43bf-902e-b57e592cd8c0}</UniqueIdentifier>
    </Filter>
    <Filter Include="02.Script\01.Monster\00.MonsterFSM\01.CrystalSpider\01.CrystalSpiderMove">
      <UniqueIdentifier>{ed7e64d2-98cd-404c-a7fe-7fccfef9dd31}</UniqueIdentifier>
    </Filter>
    <Filter Include="02.Script\01.Monster\00.MonsterFSM\01.CrystalSpider\02.CrystalSpiderDeath">
      <UniqueIdentifier>{251b21ee-1e25-4759-851c-91026b5349be}</UniqueIdentifier>
    </Filter>
    <Filter Include="02.Script\01.Monster\01.MonsterInfo">
      <UniqueIdentifier>{cdd20393-6733-40ad-b956-29889f2a0884}</UniqueIdentifier>
    </Filter>
    <Filter Include="02.Script\00.Player\02.PlayerWapon">
      <UniqueIdentifier>{ddd9f313-09aa-4dee-879e-99e0d5aba116}</UniqueIdentifier>
    </Filter>
    <Filter Include="02.Script\00.Player\00.PlayerFMS\04.DeshAttack">
      <UniqueIdentifier>{ff56a6ff-33fb-4917-9825-cbf38a187849}</UniqueIdentifier>
    </Filter>
    <Filter Include="02.Script\00.Player\00.PlayerFMS\05.Hit">
      <UniqueIdentifier>{0465eaf7-ef5f-471f-b841-0c516801980e}</UniqueIdentifier>
    </Filter>
    <Filter Include="02.Script\01.Monster\00.MonsterFSM\02.Draken">
      <UniqueIdentifier>{3763d271-5600-4dc7-9076-ba8cbd341894}</UniqueIdentifier>
    </Filter>
    <Filter Include="02.Script\01.Monster\00.MonsterFSM\02.Draken\01.DrakenIdle">
      <UniqueIdentifier>{dd0a74ec-ef2e-4a86-9988-2467a0513cef}</UniqueIdentifier>
    </Filter>
    <Filter Include="02.Script\01.Monster\00.MonsterFSM\02.Draken\02.DrakenMove">
      <UniqueIdentifier>{3d9c2677-d20b-46ba-bfca-7a9ddf33541f}</UniqueIdentifier>
    </Filter>
    <Filter Include="02.Script\01.Monster\00.MonsterFSM\02.Draken\03.DrakenAttack1">
      <UniqueIdentifier>{77e138bf-24a2-4862-9450-6b9a722b9129}</UniqueIdentifier>
    </Filter>
    <Filter Include="02.Script\01.Monster\00.MonsterFSM\02.Draken\04.DrakenAttack2">
      <UniqueIdentifier>{9eace0a8-722d-4172-9958-a6b20462553a}</UniqueIdentifier>
    </Filter>
    <Filter Include="02.Script\01.Monster\00.MonsterFSM\02.Draken\00.DrakenMaintenance">
      <UniqueIdentifier>{ba4da3ca-6928-4a17-bc04-f449907a1ddf}</UniqueIdentifier>
    </Filter>
    <Filter Include="02.Script\01.Monster\02.MonsterWapon">
      <UniqueIdentifier>{2bfe5a04-680f-48f6-b075-70997d9fa3cf}</UniqueIdentifier>
    </Filter>
    <Filter Include="02.Script\01.Monster\02.MonsterWapon\02.DrakenWapon">
      <UniqueIdentifier>{217623ea-7d04-48fc-9b6b-50df8323956e}</UniqueIdentifier>
    </Filter>
    <Filter Include="02.Script\00.Player\03.PlayerHP">
      <UniqueIdentifier>{b415e6bd-cc72-46a9-a128-c3b000fa610b}</UniqueIdentifier>
    </Filter>
    <Filter Include="02.Script\02.Camera">
      <UniqueIdentifier>{ccb2df84-ed09-44ae-9efe-644ca9822fc4}</UniqueIdentifier>
    </Filter>
    <Filter Include="03.FSM\00.PlayerFSM">
      <UniqueIdentifier>{dfed9694-bdfa-4871-a0fa-da6614583dcf}</UniqueIdentifier>
    </Filter>
    <Filter Include="03.FSM\01.MonsterFSM">
      <UniqueIdentifier>{198b4eae-59f8-4d5f-9268-22342f835d0a}</UniqueIdentifier>
    </Filter>
    <Filter Include="02.Script\02.Camera\00.CameraMove">
      <UniqueIdentifier>{cd173667-ee41-440b-a436-a4a7e12cbf1f}</UniqueIdentifier>
    </Filter>
    <Filter Include="02.Script\01.Monster\00.MonsterFSM\02.Draken\06.DiakenDeath">
      <UniqueIdentifier>{ab17fc32-b6b8-477c-9a0c-c31516f21113}</UniqueIdentifier>
    </Filter>
    <Filter Include="02.Script\01.Monster\03.MonsterUI">
      <UniqueIdentifier>{fbdace7f-de48-4bc7-b4d0-c7f41e13ff56}</UniqueIdentifier>
    </Filter>
    <Filter Include="02.Script\01.Monster\03.MonsterUI\03.DrakenUI">
      <UniqueIdentifier>{aadd886b-c18b-4462-91b3-56efc84f934b}</UniqueIdentifier>
    </Filter>
    <Filter Include="02.Script\01.Monster\00.MonsterFSM\02.Draken\05.DrakenProduction">
      <UniqueIdentifier>{100ebac6-5087-4b14-ad45-7a40590c0e0e}</UniqueIdentifier>
    </Filter>
  </ItemGroup>
  <ItemGroup>
    <ClInclude Include="Resource.h">
      <Filter>99.Default</Filter>
    </ClInclude>
    <ClInclude Include="stdafx.h">
      <Filter>99.Default</Filter>
    </ClInclude>
    <ClInclude Include="targetver.h">
      <Filter>99.Default</Filter>
    </ClInclude>
    <ClInclude Include="Client.h">
      <Filter>99.Default</Filter>
    </ClInclude>
    <ClInclude Include="..\Header\MainApp.h">
      <Filter>00.MainApp</Filter>
    </ClInclude>
    <ClInclude Include="..\Header\ClientEnum.h">
      <Filter>98.Include</Filter>
    </ClInclude>
    <ClInclude Include="..\Header\ClientMacro.h">
      <Filter>98.Include</Filter>
    </ClInclude>
    <ClInclude Include="..\Header\ClientStructure.h">
      <Filter>98.Include</Filter>
    </ClInclude>
    <ClInclude Include="..\Header\ClientDefine.h">
      <Filter>98.Include</Filter>
    </ClInclude>
    <ClInclude Include="..\Header\ClientTypedef.h">
      <Filter>98.Include</Filter>
    </ClInclude>
    <ClInclude Include="..\Header\ClientComponent.h">
      <Filter>98.Include</Filter>
    </ClInclude>
    <ClInclude Include="..\Header\DongilScene.h">
      <Filter>01.Scene\06.Dongil</Filter>
    </ClInclude>
    <ClInclude Include="..\Header\ClientManager.h">
      <Filter>98.Include</Filter>
    </ClInclude>
    <ClInclude Include="..\Header\Player.h">
      <Filter>02.Script\00.Player</Filter>
    </ClInclude>
    <ClInclude Include="..\Header\Monster.h">
      <Filter>02.Script\01.Monster</Filter>
    </ClInclude>
    <ClInclude Include="..\Header\TitleScene.h">
      <Filter>01.Scene\00.Title</Filter>
    </ClInclude>
    <ClInclude Include="..\Header\LoddingScene.h">
      <Filter>01.Scene\01.Lodding</Filter>
    </ClInclude>
    <ClInclude Include="..\Header\MainRoomScene.h">
      <Filter>01.Scene\02.MainRoom</Filter>
    </ClInclude>
    <ClInclude Include="..\Header\AgentSanwaMoneyRoomScene.h">
      <Filter>01.Scene\03.AgentSanwaMoneyRoom</Filter>
    </ClInclude>
    <ClInclude Include="..\Header\CrystalSpiderRoomScene.h">
      <Filter>01.Scene\04.CrystalSpiderRoom</Filter>
    </ClInclude>
    <ClInclude Include="..\Header\PlayerMove.h">
      <Filter>02.Script\00.Player\00.PlayerFMS\01.Move</Filter>
    </ClInclude>
    <ClInclude Include="..\Header\PlayerAttack.h">
      <Filter>02.Script\00.Player\00.PlayerFMS\02.Attack</Filter>
    </ClInclude>
    <ClInclude Include="..\Header\PlayerDeath.h">
      <Filter>02.Script\00.Player\00.PlayerFMS\03.Death</Filter>
    </ClInclude>
    <ClInclude Include="..\Header\PlayerIdle.h">
      <Filter>02.Script\00.Player\00.PlayerFMS\00.Idle</Filter>
    </ClInclude>
    <ClInclude Include="..\Header\PlayerInfo.h">
      <Filter>02.Script\00.Player\01.PlayerInfo</Filter>
    </ClInclude>
    <ClInclude Include="..\Header\MonsterInfo.h">
      <Filter>02.Script\01.Monster\01.MonsterInfo</Filter>
    </ClInclude>
    <ClInclude Include="..\Header\ScarecrowIdle.h">
      <Filter>02.Script\01.Monster\00.MonsterFSM\00.Scarecrow\00.ScarecrowIdle</Filter>
    </ClInclude>
    <ClInclude Include="..\Header\PlayerWapon.h">
      <Filter>02.Script\00.Player\02.PlayerWapon</Filter>
    </ClInclude>
    <ClInclude Include="..\Header\PlayerHit.h">
      <Filter>02.Script\00.Player\00.PlayerFMS\05.Hit</Filter>
    </ClInclude>
    <ClInclude Include="..\Header\PlayerDeshAttack.h">
      <Filter>02.Script\00.Player\00.PlayerFMS\04.DeshAttack</Filter>
    </ClInclude>
    <ClInclude Include="..\Header\DrakenIdle.h">
      <Filter>02.Script\01.Monster\00.MonsterFSM\02.Draken\01.DrakenIdle</Filter>
    </ClInclude>
    <ClInclude Include="..\Header\DrakenMove.h">
      <Filter>02.Script\01.Monster\00.MonsterFSM\02.Draken\02.DrakenMove</Filter>
    </ClInclude>
    <ClInclude Include="..\Header\DrakenAttack1.h">
      <Filter>02.Script\01.Monster\00.MonsterFSM\02.Draken\03.DrakenAttack1</Filter>
    </ClInclude>
    <ClInclude Include="..\Header\DrakenAttack2.h">
      <Filter>02.Script\01.Monster\00.MonsterFSM\02.Draken\04.DrakenAttack2</Filter>
    </ClInclude>
    <ClInclude Include="..\Header\DrakenMaintenance.h">
      <Filter>02.Script\01.Monster\00.MonsterFSM\02.Draken\00.DrakenMaintenance</Filter>
    </ClInclude>
    <ClInclude Include="..\Header\DrakenWapon.h">
      <Filter>02.Script\01.Monster\02.MonsterWapon\02.DrakenWapon</Filter>
    </ClInclude>
    <ClInclude Include="..\Header\PlayerHP.h">
      <Filter>02.Script\00.Player\03.PlayerHP</Filter>
    </ClInclude>
    <ClInclude Include="..\Header\DrakenUI.h">
      <Filter>02.Script\01.Monster\03.MonsterUI\03.DrakenUI</Filter>
    </ClInclude>
    <ClInclude Include="..\Header\CameraMove.h">
      <Filter>02.Script\02.Camera\00.CameraMove</Filter>
    </ClInclude>
    <ClInclude Include="..\Header\MonsterFSM.h">
      <Filter>03.FSM\01.MonsterFSM</Filter>
    </ClInclude>
    <ClInclude Include="..\Header\FSM.h">
      <Filter>03.FSM\00.PlayerFSM</Filter>
    </ClInclude>
    <ClInclude Include="..\Header\DrakenDeath.h">
      <Filter>02.Script\01.Monster\00.MonsterFSM\02.Draken\06.DiakenDeath</Filter>
    </ClInclude>
    <ClInclude Include="..\Header\DrakenProduction.h">
      <Filter>02.Script\01.Monster\00.MonsterFSM\02.Draken\05.DrakenProduction</Filter>
    </ClInclude>
  </ItemGroup>
  <ItemGroup>
    <ClCompile Include="stdafx.cpp">
      <Filter>99.Default</Filter>
    </ClCompile>
    <ClCompile Include="Client.cpp">
      <Filter>99.Default</Filter>
    </ClCompile>
    <ClCompile Include="..\Code\MainApp.cpp">
      <Filter>00.MainApp</Filter>
    </ClCompile>
    <ClCompile Include="..\Code\DongilScene.cpp">
      <Filter>01.Scene\06.Dongil</Filter>
    </ClCompile>
    <ClCompile Include="..\Code\Player.cpp">
      <Filter>02.Script\00.Player</Filter>
    </ClCompile>
    <ClCompile Include="..\Code\Monster.cpp">
      <Filter>02.Script\01.Monster</Filter>
    </ClCompile>
    <ClCompile Include="..\Code\TitleScene.cpp">
      <Filter>01.Scene\00.Title</Filter>
    </ClCompile>
    <ClCompile Include="..\Code\LoddingScene.cpp">
      <Filter>01.Scene\01.Lodding</Filter>
    </ClCompile>
    <ClCompile Include="..\Code\MainRoomScene.cpp">
      <Filter>01.Scene\02.MainRoom</Filter>
    </ClCompile>
    <ClCompile Include="..\Code\CrystalSpiderRoomScene.cpp">
      <Filter>01.Scene\04.CrystalSpiderRoom</Filter>
    </ClCompile>
    <ClCompile Include="..\Code\AgentSanwaMoneyRoomScene.cpp">
      <Filter>01.Scene\03.AgentSanwaMoneyRoom</Filter>
    </ClCompile>
    <ClCompile Include="..\Code\PlayerMove.cpp">
      <Filter>02.Script\00.Player\00.PlayerFMS\01.Move</Filter>
    </ClCompile>
    <ClCompile Include="..\Code\PlayerAttack.cpp">
      <Filter>02.Script\00.Player\00.PlayerFMS\02.Attack</Filter>
    </ClCompile>
    <ClCompile Include="..\Code\PlayerDeath.cpp">
      <Filter>02.Script\00.Player\00.PlayerFMS\03.Death</Filter>
    </ClCompile>
    <ClCompile Include="..\Code\PlayerIdle.cpp">
      <Filter>02.Script\00.Player\00.PlayerFMS\00.Idle</Filter>
    </ClCompile>
    <ClCompile Include="..\Code\ScarecrowIdle.cpp">
      <Filter>02.Script\01.Monster\00.MonsterFSM\00.Scarecrow\00.ScarecrowIdle</Filter>
    </ClCompile>
    <ClCompile Include="..\Code\PlayerWapon.cpp">
      <Filter>02.Script\00.Player\02.PlayerWapon</Filter>
    </ClCompile>
    <ClCompile Include="..\Code\PlayerDeshAttack.cpp">
      <Filter>02.Script\00.Player\00.PlayerFMS\04.DeshAttack</Filter>
    </ClCompile>
    <ClCompile Include="..\Code\PlayerHit.cpp">
      <Filter>02.Script\00.Player\00.PlayerFMS\05.Hit</Filter>
    </ClCompile>
    <ClCompile Include="..\Code\DrakenAttack1.cpp">
      <Filter>02.Script\01.Monster\00.MonsterFSM\02.Draken\03.DrakenAttack1</Filter>
    </ClCompile>
    <ClCompile Include="..\Code\DrakenAttack2.cpp">
      <Filter>02.Script\01.Monster\00.MonsterFSM\02.Draken\04.DrakenAttack2</Filter>
    </ClCompile>
    <ClCompile Include="..\Code\DrakenMove.cpp">
      <Filter>02.Script\01.Monster\00.MonsterFSM\02.Draken\02.DrakenMove</Filter>
    </ClCompile>
    <ClCompile Include="..\Code\DrakenIdle.cpp">
      <Filter>02.Script\01.Monster\00.MonsterFSM\02.Draken\01.DrakenIdle</Filter>
    </ClCompile>
    <ClCompile Include="..\Code\DrakenMaintenance.cpp">
      <Filter>02.Script\01.Monster\00.MonsterFSM\02.Draken\00.DrakenMaintenance</Filter>
    </ClCompile>
    <ClCompile Include="..\Code\DrakenWapon.cpp">
      <Filter>02.Script\01.Monster\02.MonsterWapon\02.DrakenWapon</Filter>
    </ClCompile>
    <ClCompile Include="..\Code\PlayerHP.cpp">
      <Filter>02.Script\00.Player\03.PlayerHP</Filter>
    </ClCompile>
    <ClCompile Include="..\Code\DrakenUI.cpp">
      <Filter>02.Script\01.Monster\03.MonsterUI\03.DrakenUI</Filter>
    </ClCompile>
    <ClCompile Include="..\Code\CameraMove.cpp">
      <Filter>02.Script\02.Camera\00.CameraMove</Filter>
    </ClCompile>
    <ClCompile Include="..\Code\MonsterFSM.cpp">
      <Filter>03.FSM\01.MonsterFSM</Filter>
    </ClCompile>
    <ClCompile Include="..\Code\FSM.cpp">
      <Filter>03.FSM\00.PlayerFSM</Filter>
    </ClCompile>
    <ClCompile Include="..\Code\DrakenDeath.cpp">
      <Filter>02.Script\01.Monster\00.MonsterFSM\02.Draken\06.DiakenDeath</Filter>
    </ClCompile>
    <ClCompile Include="..\Code\DrakenProduction.cpp">
      <Filter>02.Script\01.Monster\00.MonsterFSM\02.Draken\05.DrakenProduction</Filter>
    </ClCompile>
  </ItemGroup>
  <ItemGroup>
    <Image Include="small.ico">
      <Filter>99.Default</Filter>
    </Image>
    <Image Include="SR_BaseEngine.ico">
      <Filter>99.Default</Filter>
    </Image>
  </ItemGroup>
  <ItemGroup>
    <ResourceCompile Include="SR_BaseEngine.rc">
      <Filter>99.Default</Filter>
    </ResourceCompile>
  </ItemGroup>
</Project>